{
  "name": "react-router-ai-app",
  "lockfileVersion": 3,
  "requires": true,
  "packages": {
    "": {
      "dependencies": {
        "@conform-to/react": "^1.6.0",
        "@conform-to/zod": "^1.6.0",
        "zod": "^3.25.17"
      }
    },
    "node_modules/@conform-to/dom": {
      "version": "1.6.0",
      "resolved": "https://registry.npmjs.org/@conform-to/dom/-/dom-1.6.0.tgz",
      "integrity": "sha512-+eww0JbVsZ4W07yLiJHD5j7JnTztjJPw5Z1dRtSRxmFP4quy9Tuc5RRevghT3wgxbbg0Z1v3sxSOutW3TgLTFQ==",
      "license": "MIT"
    },
    "node_modules/@conform-to/react": {
      "version": "1.6.0",
      "resolved": "https://registry.npmjs.org/@conform-to/react/-/react-1.6.0.tgz",
      "integrity": "sha512-ZPqlBnrauU+IczG8EZCT7Rn3ecGZFww8axmOb6GIM8uDZ7UkPlnFc3zgFKbqsThD31M8hr2BdwSxQ0yKIqxNXw==",
      "license": "MIT",
      "dependencies": {
        "@conform-to/dom": "1.6.0"
      },
      "peerDependencies": {
        "react": ">=18"
      }
    },
    "node_modules/@conform-to/zod": {
      "version": "1.6.0",
      "resolved": "https://registry.npmjs.org/@conform-to/zod/-/zod-1.6.0.tgz",
      "integrity": "sha512-NF9OqarwTYGCwj6yTXpGUa/h10WsiO8njSp+WXAnKhMJDZmwweNlSHX0OGZ9tHkiIARWyzP1sxQB9OIF0lAL5A==",
      "license": "MIT",
      "dependencies": {
        "@conform-to/dom": "1.6.0"
      },
      "peerDependencies": {
        "zod": "^3.21.0"
      }
    },
    "node_modules/react": {
      "version": "19.1.0",
      "resolved": "https://registry.npmjs.org/react/-/react-19.1.0.tgz",
      "integrity": "sha512-FS+XFBNvn3GTAWq26joslQgWNoFu08F4kl0J4CgdNKADkdSGXQyTCnKteIAJy96Br6YbpEU1LSzV5dYtjMkMDg==",
      "license": "MIT",
      "peer": true,
      "engines": {
        "node": ">=0.10.0"
      }
    },
    "node_modules/zod": {
      "version": "3.25.17",
      "resolved": "https://registry.npmjs.org/zod/-/zod-3.25.17.tgz",
      "integrity": "sha512-8hQzQ/kMOIFbwOgPrm9Sf9rtFHpFUMy4HvN0yEB0spw14aYi0uT5xG5CE2DB9cd51GWNsz+DNO7se1kztHMKnw==",
      "license": "MIT",
      "funding": {
        "url": "https://github.com/sponsors/colinhacks"
      }
    }
  }
}
